// !$*UTF8*$!
{
	archiveVersion = 1;
	classes = {
	};
	objectVersion = 50;
	objects = {

/* Begin PBXBuildFile section */
		78DAE0BB23EB3951005B5F4A /* AppDelegate.swift in Sources */ = {isa = PBXBuildFile; fileRef = 78DAE0BA23EB3951005B5F4A /* AppDelegate.swift */; };
		78DAE0BD23EB3951005B5F4A /* SceneDelegate.swift in Sources */ = {isa = PBXBuildFile; fileRef = 78DAE0BC23EB3951005B5F4A /* SceneDelegate.swift */; };
		78DAE0BF23EB3951005B5F4A /* ContentView.swift in Sources */ = {isa = PBXBuildFile; fileRef = 78DAE0BE23EB3951005B5F4A /* ContentView.swift */; };
		78DAE0C123EB3952005B5F4A /* Assets.xcassets in Resources */ = {isa = PBXBuildFile; fileRef = 78DAE0C023EB3952005B5F4A /* Assets.xcassets */; };
		78DAE0C423EB3952005B5F4A /* Preview Assets.xcassets in Resources */ = {isa = PBXBuildFile; fileRef = 78DAE0C323EB3952005B5F4A /* Preview Assets.xcassets */; };
		78DAE0C723EB3952005B5F4A /* LaunchScreen.storyboard in Resources */ = {isa = PBXBuildFile; fileRef = 78DAE0C523EB3952005B5F4A /* LaunchScreen.storyboard */; };
/* End PBXBuildFile section */

/* Begin PBXFileReference section */
		78DAE0B723EB3951005B5F4A /* Swift-Package-Manager.app */ = {isa = PBXFileReference; explicitFileType = wrapper.application; includeInIndex = 0; path = "Swift-Package-Manager.app"; sourceTree = BUILT_PRODUCTS_DIR; };
		78DAE0BA23EB3951005B5F4A /* AppDelegate.swift */ = {isa = PBXFileReference; lastKnownFileType = sourcecode.swift; path = AppDelegate.swift; sourceTree = "<group>"; };
		78DAE0BC23EB3951005B5F4A /* SceneDelegate.swift */ = {isa = PBXFileReference; lastKnownFileType = sourcecode.swift; path = SceneDelegate.swift; sourceTree = "<group>"; };
		78DAE0BE23EB3951005B5F4A /* ContentView.swift */ = {isa = PBXFileReference; lastKnownFileType = sourcecode.swift; path = ContentView.swift; sourceTree = "<group>"; };
		78DAE0C023EB3952005B5F4A /* Assets.xcassets */ = {isa = PBXFileReference; lastKnownFileType = folder.assetcatalog; path = Assets.xcassets; sourceTree = "<group>"; };
		78DAE0C323EB3952005B5F4A /* Preview Assets.xcassets */ = {isa = PBXFileReference; lastKnownFileType = folder.assetcatalog; path = "Preview Assets.xcassets"; sourceTree = "<group>"; };
		78DAE0C623EB3952005B5F4A /* Base */ = {isa = PBXFileReference; lastKnownFileType = file.storyboard; name = Base; path = Base.lproj/LaunchScreen.storyboard; sourceTree = "<group>"; };
		78DAE0C823EB3952005B5F4A /* Info.plist */ = {isa = PBXFileReference; lastKnownFileType = text.plist.xml; path = Info.plist; sourceTree = "<group>"; };
/* End PBXFileReference section */

/* Begin PBXFrameworksBuildPhase section */
		78DAE0B423EB3951005B5F4A /* Frameworks */ = {
			isa = PBXFrameworksBuildPhase;
			buildActionMask = 2147483647;
			files = (
			);
			runOnlyForDeploymentPostprocessing = 0;
		};
/* End PBXFrameworksBuildPhase section */

/* Begin PBXGroup section */
		78DAE0AE23EB3951005B5F4A = {
			isa = PBXGroup;
			children = (
				78DAE0B923EB3951005B5F4A /* Swift-Package-Manager */,
				78DAE0B823EB3951005B5F4A /* Products */,
			);
			sourceTree = "<group>";
		};
		78DAE0B823EB3951005B5F4A /* Products */ = {
			isa = PBXGroup;
			children = (
				78DAE0B723EB3951005B5F4A /* Swift-Package-Manager.app */,
			);
			name = Products;
			sourceTree = "<group>";
		};
		78DAE0B923EB3951005B5F4A /* Swift-Package-Manager */ = {
			isa = PBXGroup;
			children = (
				78DAE0BA23EB3951005B5F4A /* AppDelegate.swift */,
				78DAE0BC23EB3951005B5F4A /* SceneDelegate.swift */,
				78DAE0BE23EB3951005B5F4A /* ContentView.swift */,
				78DAE0C023EB3952005B5F4A /* Assets.xcassets */,
				78DAE0C523EB3952005B5F4A /* LaunchScreen.storyboard */,
				78DAE0C823EB3952005B5F4A /* Info.plist */,
				78DAE0C223EB3952005B5F4A /* Preview Content */,
			);
			path = "Swift-Package-Manager";
			sourceTree = "<group>";
		};
		78DAE0C223EB3952005B5F4A /* Preview Content */ = {
			isa = PBXGroup;
			children = (
				78DAE0C323EB3952005B5F4A /* Preview Assets.xcassets */,
			);
			path = "Preview Content";
			sourceTree = "<group>";
		};
/* End PBXGroup section */

/* Begin PBXNativeTarget section */
		78DAE0B623EB3951005B5F4A /* Swift-Package-Manager */ = {
			isa = PBXNativeTarget;
			buildConfigurationList = 78DAE0CB23EB3952005B5F4A /* Build configuration list for PBXNativeTarget "Swift-Package-Manager" */;
			buildPhases = (
				78DAE0B323EB3951005B5F4A /* Sources */,
				78DAE0B423EB3951005B5F4A /* Frameworks */,
				78DAE0B523EB3951005B5F4A /* Resources */,
			);
			buildRules = (
			);
			dependencies = (
			);
			name = "Swift-Package-Manager";
			productName = "Swift-Package-Manager";
			productReference = 78DAE0B723EB3951005B5F4A /* Swift-Package-Manager.app */;
			productType = "com.apple.product-type.application";
		};
/* End PBXNativeTarget section */

/* Begin PBXProject section */
		78DAE0AF23EB3951005B5F4A /* Project object */ = {
			isa = PBXProject;
			attributes = {
				LastSwiftUpdateCheck = 1130;
				LastUpgradeCheck = 1130;
				ORGANIZATIONNAME = "Pan, Xiaoheng";
				TargetAttributes = {
					78DAE0B623EB3951005B5F4A = {
						CreatedOnToolsVersion = 11.3.1;
					};
				};
			};
			buildConfigurationList = 78DAE0B223EB3951005B5F4A /* Build configuration list for PBXProject "Swift-Package-Manager" */;
			compatibilityVersion = "Xcode 9.3";
			developmentRegion = en;
			hasScannedForEncodings = 0;
			knownRegions = (
				en,
				Base,
			);
			mainGroup = 78DAE0AE23EB3951005B5F4A;
			productRefGroup = 78DAE0B823EB3951005B5F4A /* Products */;
			projectDirPath = "";
			projectRoot = "";
			targets = (
				78DAE0B623EB3951005B5F4A /* Swift-Package-Manager */,
			);
		};
/* End PBXProject section */

/* Begin PBXResourcesBuildPhase section */
		78DAE0B523EB3951005B5F4A /* Resources */ = {
			isa = PBXResourcesBuildPhase;
			buildActionMask = 2147483647;
			files = (
				78DAE0C723EB3952005B5F4A /* LaunchScreen.storyboard in Resources */,
				78DAE0C423EB3952005B5F4A /* Preview Assets.xcassets in Resources */,
				78DAE0C123EB3952005B5F4A /* Assets.xcassets in Resources */,
			);
			runOnlyForDeploymentPostprocessing = 0;
		};
/* End PBXResourcesBuildPhase section */

/* Begin PBXSourcesBuildPhase section */
		78DAE0B323EB3951005B5F4A /* Sources */ = {
			isa = PBXSourcesBuildPhase;
			buildActionMask = 2147483647;
			files = (
				78DAE0BB23EB3951005B5F4A /* AppDelegate.swift in Sources */,
				78DAE0BD23EB3951005B5F4A /* SceneDelegate.swift in Sources */,
				78DAE0BF23EB3951005B5F4A /* ContentView.swift in Sources */,
			);
			runOnlyForDeploymentPostprocessing = 0;
		};
/* End PBXSourcesBuildPhase section */

/* Begin PBXVariantGroup section */
		78DAE0C523EB3952005B5F4A /* LaunchScreen.storyboard */ = {
			isa = PBXVariantGroup;
			children = (
				78DAE0C623EB3952005B5F4A /* Base */,
			);
			name = LaunchScreen.storyboard;
			sourceTree = "<group>";
		};
/* End PBXVariantGroup section */

/* Begin XCBuildConfiguration section */
		78DAE0C923EB3952005B5F4A /* Debug */ = {
			isa = XCBuildConfiguration;
			buildSettings = {
				ALWAYS_SEARCH_USER_PATHS = NO;
				CLANG_ANALYZER_NONNULL = YES;
				CLANG_ANALYZER_NUMBER_OBJECT_CONVERSION = YES_AGGRESSIVE;
				CLANG_CXX_LANGUAGE_STANDARD = "gnu++14";
				CLANG_CXX_LIBRARY = "libc++";
				CLANG_ENABLE_MODULES = YES;
				CLANG_ENABLE_OBJC_ARC = YES;
				CLANG_ENABLE_OBJC_WEAK = YES;
				CLANG_WARN_BLOCK_CAPTURE_AUTORELEASING = YES;
				CLANG_WARN_BOOL_CONVERSION = YES;
				CLANG_WARN_COMMA = YES;
				CLANG_WARN_CONSTANT_CONVERSION = YES;
				CLANG_WARN_DEPRECATED_OBJC_IMPLEMENTATIONS = YES;
				CLANG_WARN_DIRECT_OBJC_ISA_USAGE = YES_ERROR;
				CLANG_WARN_DOCUMENTATION_COMMENTS = YES;
				CLANG_WARN_EMPTY_BODY = YES;
				CLANG_WARN_ENUM_CONVERSION = YES;
				CLANG_WARN_INFINITE_RECURSION = YES;
				CLANG_WARN_INT_CONVERSION = YES;
				CLANG_WARN_NON_LITERAL_NULL_CONVERSION = YES;
				CLANG_WARN_OBJC_IMPLICIT_RETAIN_SELF = YES;
				CLANG_WARN_OBJC_LITERAL_CONVERSION = YES;
				CLANG_WARN_OBJC_ROOT_CLASS = YES_ERROR;
				CLANG_WARN_RANGE_LOOP_ANALYSIS = YES;
				CLANG_WARN_STRICT_PROTOTYPES = YES;
				CLANG_WARN_SUSPICIOUS_MOVE = YES;
				CLANG_WARN_UNGUARDED_AVAILABILITY = YES_AGGRESSIVE;
				CLANG_WARN_UNREACHABLE_CODE = YES;
				CLANG_WARN__DUPLICATE_METHOD_MATCH = YES;
				COPY_PHASE_STRIP = NO;
				DEBUG_INFORMATION_FORMAT = dwarf;
				ENABLE_STRICT_OBJC_MSGSEND = YES;
				ENABLE_TESTABILITY = YES;
				GCC_C_LANGUAGE_STANDARD = gnu11;
				GCC_DYNAMIC_NO_PIC = NO;
				GCC_NO_COMMON_BLOCKS = YES;
				GCC_OPTIMIZATION_LEVEL = 0;
				GCC_PREPROCESSOR_DEFINITIONS = (
					"DEBUG=1",
					"$(inherited)",
				);
				GCC_WARN_64_TO_32_BIT_CONVERSION = YES;
				GCC_WARN_ABOUT_RETURN_TYPE = YES_ERROR;
				GCC_WARN_UNDECLARED_SELECTOR = YES;
				GCC_WARN_UNINITIALIZED_AUTOS = YES_AGGRESSIVE;
				GCC_WARN_UNUSED_FUNCTION = YES;
				GCC_WARN_UNUSED_VARIABLE = YES;
				IPHONEOS_DEPLOYMENT_TARGET = 13.2;
				MTL_ENABLE_DEBUG_INFO = INCLUDE_SOURCE;
				MTL_FAST_MATH = YES;
				ONLY_ACTIVE_ARCH = YES;
				SDKROOT = iphoneos;
				SWIFT_ACTIVE_COMPILATION_CONDITIONS = DEBUG;
				SWIFT_OPTIMIZATION_LEVEL = "-Onone";
			};
			name = Debug;
		};
		78DAE0CA23EB3952005B5F4A /* Release */ = {
			isa = XCBuildConfiguration;
			buildSettings = {
				ALWAYS_SEARCH_USER_PATHS = NO;
				CLANG_ANALYZER_NONNULL = YES;
				CLANG_ANALYZER_NUMBER_OBJECT_CONVERSION = YES_AGGRESSIVE;
				CLANG_CXX_LANGUAGE_STANDARD = "gnu++14";
				CLANG_CXX_LIBRARY = "libc++";
				CLANG_ENABLE_MODULES = YES;
				CLANG_ENABLE_OBJC_ARC = YES;
				CLANG_ENABLE_OBJC_WEAK = YES;
				CLANG_WARN_BLOCK_CAPTURE_AUTORELEASING = YES;
				CLANG_WARN_BOOL_CONVERSION = YES;
				CLANG_WARN_COMMA = YES;
				CLANG_WARN_CONSTANT_CONVERSION = YES;
				CLANG_WARN_DEPRECATED_OBJC_IMPLEMENTATIONS = YES;
				CLANG_WARN_DIRECT_OBJC_ISA_USAGE = YES_ERROR;
				CLANG_WARN_DOCUMENTATION_COMMENTS = YES;
				CLANG_WARN_EMPTY_BODY = YES;
				CLANG_WARN_ENUM_CONVERSION = YES;
				CLANG_WARN_INFINITE_RECURSION = YES;
				CLANG_WARN_INT_CONVERSION = YES;
				CLANG_WARN_NON_LITERAL_NULL_CONVERSION = YES;
				CLANG_WARN_OBJC_IMPLICIT_RETAIN_SELF = YES;
				CLANG_WARN_OBJC_LITERAL_CONVERSION = YES;
				CLANG_WARN_OBJC_ROOT_CLASS = YES_ERROR;
				CLANG_WARN_RANGE_LOOP_ANALYSIS = YES;
				CLANG_WARN_STRICT_PROTOTYPES = YES;
				CLANG_WARN_SUSPICIOUS_MOVE = YES;
				CLANG_WARN_UNGUARDED_AVAILABILITY = YES_AGGRESSIVE;
				CLANG_WARN_UNREACHABLE_CODE = YES;
				CLANG_WARN__DUPLICATE_METHOD_MATCH = YES;
				COPY_PHASE_STRIP = NO;
				DEBUG_INFORMATION_FORMAT = "dwarf-with-dsym";
				ENABLE_NS_ASSERTIONS = NO;
				ENABLE_STRICT_OBJC_MSGSEND = YES;
				GCC_C_LANGUAGE_STANDARD = gnu11;
				GCC_NO_COMMON_BLOCKS = YES;
				GCC_WARN_64_TO_32_BIT_CONVERSION = YES;
				GCC_WARN_ABOUT_RETURN_TYPE = YES_ERROR;
				GCC_WARN_UNDECLARED_SELECTOR = YES;
				GCC_WARN_UNINITIALIZED_AUTOS = YES_AGGRESSIVE;
				GCC_WARN_UNUSED_FUNCTION = YES;
				GCC_WARN_UNUSED_VARIABLE = YES;
				IPHONEOS_DEPLOYMENT_TARGET = 13.2;
				MTL_ENABLE_DEBUG_INFO = NO;
				MTL_FAST_MATH = YES;
				SDKROOT = iphoneos;
				SWIFT_COMPILATION_MODE = wholemodule;
				SWIFT_OPTIMIZATION_LEVEL = "-O";
				VALIDATE_PRODUCT = YES;
			};
			name = Release;
		};
		78DAE0CC23EB3952005B5F4A /* Debug */ = {
			isa = XCBuildConfiguration;
			buildSettings = {
				ASSETCATALOG_COMPILER_APPICON_NAME = AppIcon;
				CODE_SIGN_STYLE = Automatic;
				DEVELOPMENT_ASSET_PATHS = "\"Swift-Package-Manager/Preview Content\"";
				DEVELOPMENT_TEAM = 45E7KT68K8;
				ENABLE_PREVIEWS = YES;
				INFOPLIST_FILE = "Swift-Package-Manager/Info.plist";
				LD_RUNPATH_SEARCH_PATHS = (
					"$(inherited)",
					"@executable_path/Frameworks",
				);
				PRODUCT_BUNDLE_IDENTIFIER = "SwiftUI.Swift-Package-Manager";
				PRODUCT_NAME = "$(TARGET_NAME)";
				SWIFT_VERSION = 5.0;
				TARGETED_DEVICE_FAMILY = "1,2";
			};
			name = Debug;
		};
		78DAE0CD23EB3952005B5F4A /* Release */ = {
			isa = XCBuildConfiguration;
			buildSettings = {
				ASSETCATALOG_COMPILER_APPICON_NAME = AppIcon;
				CODE_SIGN_STYLE = Automatic;
				DEVELOPMENT_ASSET_PATHS = "\"Swift-Package-Manager/Preview Content\"";
				DEVELOPMENT_TEAM = 45E7KT68K8;
				ENABLE_PREVIEWS = YES;
				INFOPLIST_FILE = "Swift-Package-Manager/Info.plist";
				LD_RUNPATH_SEARCH_PATHS = (
					"$(inherited)",
					"@executable_path/Frameworks",
				);
				PRODUCT_BUNDLE_IDENTIFIER = "SwiftUI.Swift-Package-Manager";
				PRODUCT_NAME = "$(TARGET_NAME)";
				SWIFT_VERSION = 5.0;
				TARGETED_DEVICE_FAMILY = "1,2";
			};
			name = Release;
		};
/* End XCBuildConfiguration section */

/* Begin XCConfigurationList section */
		78DAE0B223EB3951005B5F4A /* Build configuration list for PBXProject "Swift-Package-Manager" */ = {
			isa = XCConfigurationList;
			buildConfigurations = (
				78DAE0C923EB3952005B5F4A /* Debug */,
				78DAE0CA23EB3952005B5F4A /* Release */,
			);
			defaultConfigurationIsVisible = 0;
			defaultConfigurationName = Release;
		};
		78DAE0CB23EB3952005B5F4A /* Build configuration list for PBXNativeTarget "Swift-Package-Manager" */ = {
			isa = XCConfigurationList;
			buildConfigurations = (
				78DAE0CC23EB3952005B5F4A /* Debug */,
				78DAE0CD23EB3952005B5F4A /* Release */,
			);
			defaultConfigurationIsVisible = 0;
			defaultConfigurationName = Release;
		};
/* End XCConfigurationList section */
	};
	rootObject = 78DAE0AF23EB3951005B5F4A /* Project object */;
}
